# THIS IS AN AUTOGENERATED FILE. DO NOT EDIT THIS FILE DIRECTLY.
# yarn lockfile v1


"cannon@^0.6.2":
  "integrity" "sha512-n/7wWSXr8KOSvjad2x0fJHgpMepKjOKi+NdSnjfYyijoDBZnp4JQKgPcpv28jlXoWM+N9zVYU09J0A6Qxx+Y7w=="
  "resolved" "https://registry.npmjs.org/cannon/-/cannon-0.6.2.tgz"
  "version" "0.6.2"

"dat.gui@^0.7.9":
  "integrity" "sha512-sCNc1OHobc+Erc1HqiswYgHdVNpSJUlk/Hz8vzOCsER7rl+oF/4+v8GXFUyCgtXpoCX6+bnmg07DedLvBLwYKQ=="
  "resolved" "https://registry.npmmirror.com/dat.gui/-/dat.gui-0.7.9.tgz"
  "version" "0.7.9"

"esbuild-windows-64@0.15.10":
  "integrity" "sha512-2H0gdsyHi5x+8lbng3hLbxDWR7mKHWh5BXZGKVG830KUmXOOWFE2YKJ4tHRkejRduOGDrBvHBriYsGtmTv3ntA=="
  "resolved" "https://registry.npmmirror.com/esbuild-windows-64/-/esbuild-windows-64-0.15.10.tgz"
  "version" "0.15.10"

"esbuild@^0.15.9":
  "integrity" "sha512-N7wBhfJ/E5fzn/SpNgX+oW2RLRjwaL8Y0ezqNqhjD6w0H2p0rDuEz2FKZqpqLnO8DCaWumKe8dsC/ljvVSSxng=="
  "resolved" "https://registry.npmmirror.com/esbuild/-/esbuild-0.15.10.tgz"
  "version" "0.15.10"
  optionalDependencies:
    "@esbuild/android-arm" "0.15.10"
    "@esbuild/linux-loong64" "0.15.10"
    "esbuild-android-64" "0.15.10"
    "esbuild-android-arm64" "0.15.10"
    "esbuild-darwin-64" "0.15.10"
    "esbuild-darwin-arm64" "0.15.10"
    "esbuild-freebsd-64" "0.15.10"
    "esbuild-freebsd-arm64" "0.15.10"
    "esbuild-linux-32" "0.15.10"
    "esbuild-linux-64" "0.15.10"
    "esbuild-linux-arm" "0.15.10"
    "esbuild-linux-arm64" "0.15.10"
    "esbuild-linux-mips64le" "0.15.10"
    "esbuild-linux-ppc64le" "0.15.10"
    "esbuild-linux-riscv64" "0.15.10"
    "esbuild-linux-s390x" "0.15.10"
    "esbuild-netbsd-64" "0.15.10"
    "esbuild-openbsd-64" "0.15.10"
    "esbuild-sunos-64" "0.15.10"
    "esbuild-windows-32" "0.15.10"
    "esbuild-windows-64" "0.15.10"
    "esbuild-windows-arm64" "0.15.10"

"function-bind@^1.1.1":
  "integrity" "sha512-yIovAzMX49sF8Yl58fSCWJ5svSLuaibPxXQJFLmBObTuCr0Mf1KiPopGM9NiFjiYBCbfaa2Fh6breQ6ANVTI0A=="
  "resolved" "https://registry.npmmirror.com/function-bind/-/function-bind-1.1.1.tgz"
  "version" "1.1.1"

"gsap@^3.11.3":
  "integrity" "sha512-xc/iIJy+LWiMbRa4IdMtdnnKa/7PXEK6NNzV71gdOYUVeTZN7UWnLU0fB7Hi1iwiz4ZZoYkBZPPYGg+2+zzFHA=="
  "resolved" "https://registry.npmmirror.com/gsap/-/gsap-3.11.3.tgz"
  "version" "3.11.3"

"has@^1.0.3":
  "integrity" "sha512-f2dvO0VU6Oej7RkWJGrehjbzMAjFp5/VKPp5tTpWIV4JHHZK1/BxbFRtf/siA2SWTe09caDmVtYYzWEIbBS4zw=="
  "resolved" "https://registry.npmmirror.com/has/-/has-1.0.3.tgz"
  "version" "1.0.3"
  dependencies:
    "function-bind" "^1.1.1"

"is-core-module@^2.9.0":
  "integrity" "sha512-Erxj2n/LDAZ7H8WNJXd9tw38GYM3dv8rk8Zcs+jJuxYTW7sozH+SS8NtrSjVL1/vpLvWi1hxy96IzjJ3EHTJJg=="
  "resolved" "https://registry.npmmirror.com/is-core-module/-/is-core-module-2.10.0.tgz"
  "version" "2.10.0"
  dependencies:
    "has" "^1.0.3"

"nanoid@^3.3.4":
  "integrity" "sha512-MqBkQh/OHTS2egovRtLk45wEyNXwF+cokD+1YPf9u5VfJiRdAiRwB2froX5Co9Rh20xs4siNPm8naNotSD6RBw=="
  "resolved" "https://registry.npmmirror.com/nanoid/-/nanoid-3.3.4.tgz"
  "version" "3.3.4"

"path-parse@^1.0.7":
  "integrity" "sha512-LDJzPVEEEPR+y48z93A0Ed0yXb8pAByGWo/k5YYdYgpY2/2EsOsksJrq7lOHxryrVOn1ejG6oAp8ahvOIQD8sw=="
  "resolved" "https://registry.npmmirror.com/path-parse/-/path-parse-1.0.7.tgz"
  "version" "1.0.7"

"picocolors@^1.0.0":
  "integrity" "sha512-1fygroTLlHu66zi26VoTDv8yRgm0Fccecssto+MhsZ0D/DGW2sm8E8AjW7NU5VVTRt5GxbeZ5qBuJr+HyLYkjQ=="
  "resolved" "https://registry.npmmirror.com/picocolors/-/picocolors-1.0.0.tgz"
  "version" "1.0.0"

"postcss@^8.4.16":
  "integrity" "sha512-UNxNOLQydcOFi41yHNMcKRZ39NeXlr8AxGuZJsdub8vIb12fHzcq37DTU/QtbI6WLxNg2gF9Z+8qtRwTj1UI1Q=="
  "resolved" "https://registry.npmmirror.com/postcss/-/postcss-8.4.17.tgz"
  "version" "8.4.17"
  dependencies:
    "nanoid" "^3.3.4"
    "picocolors" "^1.0.0"
    "source-map-js" "^1.0.2"

"resolve@^1.22.1":
  "integrity" "sha512-nBpuuYuY5jFsli/JIs1oldw6fOQCBioohqWZg/2hiaOybXOft4lonv85uDOKXdf8rhyK159cxU5cDcK/NKk8zw=="
  "resolved" "https://registry.npmmirror.com/resolve/-/resolve-1.22.1.tgz"
  "version" "1.22.1"
  dependencies:
    "is-core-module" "^2.9.0"
    "path-parse" "^1.0.7"
    "supports-preserve-symlinks-flag" "^1.0.0"

"rollup@~2.78.0":
  "integrity" "sha512-VeeCgtGi4P+o9hIg+xz4qQpRl6R401LWEXBmxYKOV4zlF82lyhgh2hTZnheFUbANE8l2A41F458iwj2vEYaXJg=="
  "resolved" "https://registry.npmmirror.com/rollup/-/rollup-2.78.1.tgz"
  "version" "2.78.1"
  optionalDependencies:
    "fsevents" "~2.3.2"

"source-map-js@^1.0.2":
  "integrity" "sha512-R0XvVJ9WusLiqTCEiGCmICCMplcCkIwwR11mOSD9CR5u+IXYdiseeEuXCVAjS54zqwkLcPNnmU4OeJ6tUrWhDw=="
  "resolved" "https://registry.npmmirror.com/source-map-js/-/source-map-js-1.0.2.tgz"
  "version" "1.0.2"

"supports-preserve-symlinks-flag@^1.0.0":
  "integrity" "sha512-ot0WnXS9fgdkgIcePe6RHNk1WA8+muPa6cSjeR3V8K27q9BB1rTE3R1p7Hv0z1ZyAc8s6Vvv8DIyWf681MAt0w=="
  "resolved" "https://registry.npmmirror.com/supports-preserve-symlinks-flag/-/supports-preserve-symlinks-flag-1.0.0.tgz"
  "version" "1.0.0"

"three@^0.145.0":
  "integrity" "sha512-EKoHQEtEJ4CB6b2BGMBgLZrfwLjXcSUfoI/MiIXUuRpeYsfK5aPWbYhdtIVWOH+x6X0TouldHKHBuc/LAiFzAw=="
  "resolved" "https://registry.npmmirror.com/three/-/three-0.145.0.tgz"
  "version" "0.145.0"

"vite@^3.1.6":
  "integrity" "sha512-qMXIwnehvvcK5XfJiXQUiTxoYAEMKhM+jqCY6ZSTKFBKu1hJnAKEzP3AOcnTerI0cMZYAaJ4wpW1wiXLMDt4mA=="
  "resolved" "https://registry.npmmirror.com/vite/-/vite-3.1.6.tgz"
  "version" "3.1.6"
  dependencies:
    "esbuild" "^0.15.9"
    "postcss" "^8.4.16"
    "resolve" "^1.22.1"
    "rollup" "~2.78.0"
  optionalDependencies:
    "fsevents" "~2.3.2"
